// !$*UTF8*$!
{
	archiveVersion = 1;
	classes = {
	};
	objectVersion = 46;
	objects = {

/* Begin PBXBuildFile section */
		6991BE291AEEB87D001C89FC /* CoreDataAccess.swift in Sources */ = {isa = PBXBuildFile; fileRef = 6991BE241AEEB87D001C89FC /* CoreDataAccess.swift */; };
		6991BE2B1AEEB87D001C89FC /* CoreDataContext.swift in Sources */ = {isa = PBXBuildFile; fileRef = 6991BE251AEEB87D001C89FC /* CoreDataContext.swift */; };
		6991BE2F1AEEB87D001C89FC /* CoreDataManager.swift in Sources */ = {isa = PBXBuildFile; fileRef = 6991BE271AEEB87D001C89FC /* CoreDataManager.swift */; };
		6991BE371AEEB891001C89FC /* BaseTestCase.swift in Sources */ = {isa = PBXBuildFile; fileRef = 6991BE301AEEB891001C89FC /* BaseTestCase.swift */; };
		6991BE381AEEB891001C89FC /* RawTests.swift in Sources */ = {isa = PBXBuildFile; fileRef = 6991BE311AEEB891001C89FC /* RawTests.swift */; };
		6991BE391AEEB891001C89FC /* ModelTests.swift in Sources */ = {isa = PBXBuildFile; fileRef = 6991BE321AEEB891001C89FC /* ModelTests.swift */; };
		6991BE3A1AEEB891001C89FC /* TestModel.xcdatamodeld in Sources */ = {isa = PBXBuildFile; fileRef = 6991BE331AEEB891001C89FC /* TestModel.xcdatamodeld */; };
		6991BE3B1AEEB891001C89FC /* Playlist.swift in Sources */ = {isa = PBXBuildFile; fileRef = 6991BE351AEEB891001C89FC /* Playlist.swift */; };
		6991BE3C1AEEB891001C89FC /* Audio.swift in Sources */ = {isa = PBXBuildFile; fileRef = 6991BE361AEEB891001C89FC /* Audio.swift */; };
/* End PBXBuildFile section */

/* Begin PBXFileReference section */
		6991BE0F1AEEB7FF001C89FC /* ADGCoreDataKitTests.xctest */ = {isa = PBXFileReference; explicitFileType = wrapper.cfbundle; includeInIndex = 0; path = ADGCoreDataKitTests.xctest; sourceTree = BUILT_PRODUCTS_DIR; };
		6991BE151AEEB7FF001C89FC /* Info.plist */ = {isa = PBXFileReference; lastKnownFileType = text.plist.xml; path = Info.plist; sourceTree = "<group>"; };
		6991BE241AEEB87D001C89FC /* CoreDataAccess.swift */ = {isa = PBXFileReference; fileEncoding = 4; lastKnownFileType = sourcecode.swift; name = CoreDataAccess.swift; path = ../Source/CoreDataAccess.swift; sourceTree = "<group>"; };
		6991BE251AEEB87D001C89FC /* CoreDataContext.swift */ = {isa = PBXFileReference; fileEncoding = 4; lastKnownFileType = sourcecode.swift; name = CoreDataContext.swift; path = ../Source/CoreDataContext.swift; sourceTree = "<group>"; };
		6991BE271AEEB87D001C89FC /* CoreDataManager.swift */ = {isa = PBXFileReference; fileEncoding = 4; lastKnownFileType = sourcecode.swift; name = CoreDataManager.swift; path = ../Source/CoreDataManager.swift; sourceTree = "<group>"; };
		6991BE301AEEB891001C89FC /* BaseTestCase.swift */ = {isa = PBXFileReference; fileEncoding = 4; lastKnownFileType = sourcecode.swift; name = BaseTestCase.swift; path = ../../Tests/BaseTestCase.swift; sourceTree = "<group>"; };
		6991BE311AEEB891001C89FC /* RawTests.swift */ = {isa = PBXFileReference; fileEncoding = 4; lastKnownFileType = sourcecode.swift; name = RawTests.swift; path = ../../Tests/RawTests.swift; sourceTree = "<group>"; };
		6991BE321AEEB891001C89FC /* ModelTests.swift */ = {isa = PBXFileReference; fileEncoding = 4; lastKnownFileType = sourcecode.swift; name = ModelTests.swift; path = ../../Tests/ModelTests.swift; sourceTree = "<group>"; };
		6991BE341AEEB891001C89FC /* TestModel.xcdatamodel */ = {isa = PBXFileReference; lastKnownFileType = wrapper.xcdatamodel; path = TestModel.xcdatamodel; sourceTree = "<group>"; };
		6991BE351AEEB891001C89FC /* Playlist.swift */ = {isa = PBXFileReference; fileEncoding = 4; lastKnownFileType = sourcecode.swift; name = Playlist.swift; path = ../../Tests/Playlist.swift; sourceTree = "<group>"; };
		6991BE361AEEB891001C89FC /* Audio.swift */ = {isa = PBXFileReference; fileEncoding = 4; lastKnownFileType = sourcecode.swift; name = Audio.swift; path = ../../Tests/Audio.swift; sourceTree = "<group>"; };
/* End PBXFileReference section */

/* Begin PBXFrameworksBuildPhase section */
		6991BE0C1AEEB7FF001C89FC /* Frameworks */ = {
			isa = PBXFrameworksBuildPhase;
			buildActionMask = 2147483647;
			files = (
			);
			runOnlyForDeploymentPostprocessing = 0;
		};
/* End PBXFrameworksBuildPhase section */

/* Begin PBXGroup section */
		6991BDFA1AEEB7FF001C89FC = {
			isa = PBXGroup;
			children = (
				6991BE231AEEB85C001C89FC /* Source */,
				6991BE131AEEB7FF001C89FC /* ADGCoreDataKitTests */,
				6991BE051AEEB7FF001C89FC /* Products */,
			);
			sourceTree = "<group>";
		};
		6991BE051AEEB7FF001C89FC /* Products */ = {
			isa = PBXGroup;
			children = (
				6991BE0F1AEEB7FF001C89FC /* ADGCoreDataKitTests.xctest */,
			);
			name = Products;
			sourceTree = "<group>";
		};
		6991BE131AEEB7FF001C89FC /* ADGCoreDataKitTests */ = {
			isa = PBXGroup;
			children = (
				6991BE301AEEB891001C89FC /* BaseTestCase.swift */,
				6991BE321AEEB891001C89FC /* ModelTests.swift */,
				6991BE311AEEB891001C89FC /* RawTests.swift */,
				6991BE331AEEB891001C89FC /* TestModel.xcdatamodeld */,
				6991BE351AEEB891001C89FC /* Playlist.swift */,
				6991BE361AEEB891001C89FC /* Audio.swift */,
				6991BE141AEEB7FF001C89FC /* Supporting Files */,
			);
			path = ADGCoreDataKitTests;
			sourceTree = "<group>";
		};
		6991BE141AEEB7FF001C89FC /* Supporting Files */ = {
			isa = PBXGroup;
			children = (
				6991BE151AEEB7FF001C89FC /* Info.plist */,
			);
			name = "Supporting Files";
			sourceTree = "<group>";
		};
		6991BE231AEEB85C001C89FC /* Source */ = {
			isa = PBXGroup;
			children = (
				6991BE241AEEB87D001C89FC /* CoreDataAccess.swift */,
				6991BE251AEEB87D001C89FC /* CoreDataContext.swift */,
				6991BE271AEEB87D001C89FC /* CoreDataManager.swift */,
			);
			name = Source;
			sourceTree = "<group>";
		};
/* End PBXGroup section */

/* Begin PBXNativeTarget section */
		6991BE0E1AEEB7FF001C89FC /* ADGCoreDataKitTests */ = {
			isa = PBXNativeTarget;
			buildConfigurationList = 6991BE1D1AEEB7FF001C89FC /* Build configuration list for PBXNativeTarget "ADGCoreDataKitTests" */;
			buildPhases = (
				6991BE0B1AEEB7FF001C89FC /* Sources */,
				6991BE0C1AEEB7FF001C89FC /* Frameworks */,
				6991BE0D1AEEB7FF001C89FC /* Resources */,
			);
			buildRules = (
			);
			dependencies = (
			);
			name = ADGCoreDataKitTests;
			productName = ADGCoreDataKitTests;
			productReference = 6991BE0F1AEEB7FF001C89FC /* ADGCoreDataKitTests.xctest */;
			productType = "com.apple.product-type.bundle.unit-test";
		};
/* End PBXNativeTarget section */

/* Begin PBXProject section */
		6991BDFB1AEEB7FF001C89FC /* Project object */ = {
			isa = PBXProject;
			attributes = {
				LastSwiftUpdateCheck = 0700;
				LastUpgradeCheck = 0700;
				ORGANIZATIONNAME = ADG;
				TargetAttributes = {
					6991BE0E1AEEB7FF001C89FC = {
						CreatedOnToolsVersion = 6.3;
					};
				};
			};
			buildConfigurationList = 6991BDFE1AEEB7FF001C89FC /* Build configuration list for PBXProject "ADGCoreDataKit" */;
			compatibilityVersion = "Xcode 3.2";
			developmentRegion = English;
			hasScannedForEncodings = 0;
			knownRegions = (
				en,
			);
			mainGroup = 6991BDFA1AEEB7FF001C89FC;
			productRefGroup = 6991BE051AEEB7FF001C89FC /* Products */;
			projectDirPath = "";
			projectRoot = "";
			targets = (
				6991BE0E1AEEB7FF001C89FC /* ADGCoreDataKitTests */,
			);
		};
/* End PBXProject section */

/* Begin PBXResourcesBuildPhase section */
		6991BE0D1AEEB7FF001C89FC /* Resources */ = {
			isa = PBXResourcesBuildPhase;
			buildActionMask = 2147483647;
			files = (
			);
			runOnlyForDeploymentPostprocessing = 0;
		};
/* End PBXResourcesBuildPhase section */

/* Begin PBXSourcesBuildPhase section */
		6991BE0B1AEEB7FF001C89FC /* Sources */ = {
			isa = PBXSourcesBuildPhase;
			buildActionMask = 2147483647;
			files = (
				6991BE2B1AEEB87D001C89FC /* CoreDataContext.swift in Sources */,
				6991BE381AEEB891001C89FC /* RawTests.swift in Sources */,
				6991BE3B1AEEB891001C89FC /* Playlist.swift in Sources */,
				6991BE291AEEB87D001C89FC /* CoreDataAccess.swift in Sources */,
				6991BE3C1AEEB891001C89FC /* Audio.swift in Sources */,
				6991BE371AEEB891001C89FC /* BaseTestCase.swift in Sources */,
				6991BE2F1AEEB87D001C89FC /* CoreDataManager.swift in Sources */,
				6991BE391AEEB891001C89FC /* ModelTests.swift in Sources */,
				6991BE3A1AEEB891001C89FC /* TestModel.xcdatamodeld in Sources */,
			);
			runOnlyForDeploymentPostprocessing = 0;
		};
/* End PBXSourcesBuildPhase section */

/* Begin XCBuildConfiguration section */
		6991BE181AEEB7FF001C89FC /* Debug */ = {
			isa = XCBuildConfiguration;
			buildSettings = {
				ALWAYS_SEARCH_USER_PATHS = NO;
				CLANG_CXX_LANGUAGE_STANDARD = "gnu++0x";
				CLANG_CXX_LIBRARY = "libc++";
				CLANG_ENABLE_MODULES = YES;
				CLANG_ENABLE_OBJC_ARC = YES;
				CLANG_WARN_BOOL_CONVERSION = YES;
				CLANG_WARN_CONSTANT_CONVERSION = YES;
				CLANG_WARN_DIRECT_OBJC_ISA_USAGE = YES_ERROR;
				CLANG_WARN_EMPTY_BODY = YES;
				CLANG_WARN_ENUM_CONVERSION = YES;
				CLANG_WARN_INT_CONVERSION = YES;
				CLANG_WARN_OBJC_ROOT_CLASS = YES_ERROR;
				CLANG_WARN_UNREACHABLE_CODE = YES;
				CLANG_WARN__DUPLICATE_METHOD_MATCH = YES;
				"CODE_SIGN_IDENTITY[sdk=iphoneos*]" = "iPhone Developer";
				COPY_PHASE_STRIP = NO;
				CURRENT_PROJECT_VERSION = 1;
				DEBUG_INFORMATION_FORMAT = "dwarf-with-dsym";
				ENABLE_STRICT_OBJC_MSGSEND = YES;
				ENABLE_TESTABILITY = YES;
				GCC_C_LANGUAGE_STANDARD = gnu99;
				GCC_DYNAMIC_NO_PIC = NO;
				GCC_NO_COMMON_BLOCKS = YES;
				GCC_OPTIMIZATION_LEVEL = 0;
				GCC_PREPROCESSOR_DEFINITIONS = (
					"DEBUG=1",
					"$(inherited)",
				);
				GCC_SYMBOLS_PRIVATE_EXTERN = NO;
				GCC_WARN_64_TO_32_BIT_CONVERSION = YES;
				GCC_WARN_ABOUT_RETURN_TYPE = YES_ERROR;
				GCC_WARN_UNDECLARED_SELECTOR = YES;
				GCC_WARN_UNINITIALIZED_AUTOS = YES_AGGRESSIVE;
				GCC_WARN_UNUSED_FUNCTION = YES;
				GCC_WARN_UNUSED_VARIABLE = YES;
				IPHONEOS_DEPLOYMENT_TARGET = 8.3;
				MTL_ENABLE_DEBUG_INFO = YES;
				ONLY_ACTIVE_ARCH = YES;
				SDKROOT = iphoneos;
				SWIFT_OPTIMIZATION_LEVEL = "-Onone";
				TARGETED_DEVICE_FAMILY = "1,2";
				VERSIONING_SYSTEM = "apple-generic";
				VERSION_INFO_PREFIX = "";
			};
			name = Debug;
		};
		6991BE191AEEB7FF001C89FC /* Release */ = {
			isa = XCBuildConfiguration;
			buildSettings = {
				ALWAYS_SEARCH_USER_PATHS = NO;
				CLANG_CXX_LANGUAGE_STANDARD = "gnu++0x";
				CLANG_CXX_LIBRARY = "libc++";
				CLANG_ENABLE_MODULES = YES;
				CLANG_ENABLE_OBJC_ARC = YES;
				CLANG_WARN_BOOL_CONVERSION = YES;
				CLANG_WARN_CONSTANT_CONVERSION = YES;
				CLANG_WARN_DIRECT_OBJC_ISA_USAGE = YES_ERROR;
				CLANG_WARN_EMPTY_BODY = YES;
				CLANG_WARN_ENUM_CONVERSION = YES;
				CLANG_WARN_INT_CONVERSION = YES;
				CLANG_WARN_OBJC_ROOT_CLASS = YES_ERROR;
				CLANG_WARN_UNREACHABLE_CODE = YES;
				CLANG_WARN__DUPLICATE_METHOD_MATCH = YES;
				"CODE_SIGN_IDENTITY[sdk=iphoneos*]" = "iPhone Developer";
				COPY_PHASE_STRIP = NO;
				CURRENT_PROJECT_VERSION = 1;
				DEBUG_INFORMATION_FORMAT = "dwarf-with-dsym";
				ENABLE_NS_ASSERTIONS = NO;
				ENABLE_STRICT_OBJC_MSGSEND = YES;
				GCC_C_LANGUAGE_STANDARD = gnu99;
				GCC_NO_COMMON_BLOCKS = YES;
				GCC_WARN_64_TO_32_BIT_CONVERSION = YES;
				GCC_WARN_ABOUT_RETURN_TYPE = YES_ERROR;
				GCC_WARN_UNDECLARED_SELECTOR = YES;
				GCC_WARN_UNINITIALIZED_AUTOS = YES_AGGRESSIVE;
				GCC_WARN_UNUSED_FUNCTION = YES;
				GCC_WARN_UNUSED_VARIABLE = YES;
				IPHONEOS_DEPLOYMENT_TARGET = 8.3;
				MTL_ENABLE_DEBUG_INFO = NO;
				SDKROOT = iphoneos;
				TARGETED_DEVICE_FAMILY = "1,2";
				VALIDATE_PRODUCT = YES;
				VERSIONING_SYSTEM = "apple-generic";
				VERSION_INFO_PREFIX = "";
			};
			name = Release;
		};
		6991BE1E1AEEB7FF001C89FC /* Debug */ = {
			isa = XCBuildConfiguration;
			buildSettings = {
				FRAMEWORK_SEARCH_PATHS = (
					"$(SDKROOT)/Developer/Library/Frameworks",
					"$(inherited)",
				);
				GCC_PREPROCESSOR_DEFINITIONS = (
					"DEBUG=1",
					"$(inherited)",
				);
				INFOPLIST_FILE = ADGCoreDataKitTests/Info.plist;
				LD_RUNPATH_SEARCH_PATHS = "$(inherited) @executable_path/Frameworks @loader_path/Frameworks";
				PRODUCT_BUNDLE_IDENTIFIER = "com.adg.$(PRODUCT_NAME:rfc1034identifier)";
				PRODUCT_NAME = "$(TARGET_NAME)";
			};
			name = Debug;
		};
		6991BE1F1AEEB7FF001C89FC /* Release */ = {
			isa = XCBuildConfiguration;
			buildSettings = {
				FRAMEWORK_SEARCH_PATHS = (
					"$(SDKROOT)/Developer/Library/Frameworks",
					"$(inherited)",
				);
				INFOPLIST_FILE = ADGCoreDataKitTests/Info.plist;
				LD_RUNPATH_SEARCH_PATHS = "$(inherited) @executable_path/Frameworks @loader_path/Frameworks";
				PRODUCT_BUNDLE_IDENTIFIER = "com.adg.$(PRODUCT_NAME:rfc1034identifier)";
				PRODUCT_NAME = "$(TARGET_NAME)";
			};
			name = Release;
		};
/* End XCBuildConfiguration section */

/* Begin XCConfigurationList section */
		6991BDFE1AEEB7FF001C89FC /* Build configuration list for PBXProject "ADGCoreDataKit" */ = {
			isa = XCConfigurationList;
			buildConfigurations = (
				6991BE181AEEB7FF001C89FC /* Debug */,
				6991BE191AEEB7FF001C89FC /* Release */,
			);
			defaultConfigurationIsVisible = 0;
			defaultConfigurationName = Release;
		};
		6991BE1D1AEEB7FF001C89FC /* Build configuration list for PBXNativeTarget "ADGCoreDataKitTests" */ = {
			isa = XCConfigurationList;
			buildConfigurations = (
				6991BE1E1AEEB7FF001C89FC /* Debug */,
				6991BE1F1AEEB7FF001C89FC /* Release */,
			);
			defaultConfigurationIsVisible = 0;
			defaultConfigurationName = Release;
		};
/* End XCConfigurationList section */

/* Begin XCVersionGroup section */
		6991BE331AEEB891001C89FC /* TestModel.xcdatamodeld */ = {
			isa = XCVersionGroup;
			children = (
				6991BE341AEEB891001C89FC /* TestModel.xcdatamodel */,
			);
			currentVersion = 6991BE341AEEB891001C89FC /* TestModel.xcdatamodel */;
			name = TestModel.xcdatamodeld;
			path = ../../Tests/TestModel.xcdatamodeld;
			sourceTree = "<group>";
			versionGroupType = wrapper.xcdatamodel;
		};
/* End XCVersionGroup section */
	};
	rootObject = 6991BDFB1AEEB7FF001C89FC /* Project object */;
}
